
Microsoft Visual Studio Solution File, Format Version 12.00
# Visual Studio Version 16
VisualStudioVersion = 16.0.29806.167
MinimumVisualStudioVersion = 10.0.40219.1
Project("{8BC9CEB8-8B4A-11D0-8D11-00A0C91BC942}") = "Task01Project", "Task01Project\Task01Project.vcxproj", "{5728C626-41DF-4071-8FC4-BCDE8911C08C}"
EndProject
Project("{8BC9CEB8-8B4A-11D0-8D11-00A0C91BC942}") = "Task02Project", "Task02Project\Task02Project.vcxproj", "{8BD3230E-93E8-4433-BF81-1EF027E47770}"
EndProject
Project("{8BC9CEB8-8B4A-11D0-8D11-00A0C91BC942}") = "Task03Project", "Task03Project\Task03Project.vcxproj", "{F19EB631-7D1B-4F6F-97B5-4095AB56F892}"
EndProject
Global
	GlobalSection(SolutionConfigurationPlatforms) = preSolution
		Debug|x64 = Debug|x64
		Debug|x86 = Debug|x86
		Release|x64 = Release|x64
		Release|x86 = Release|x86
	EndGlobalSection
	GlobalSection(ProjectConfigurationPlatforms) = postSolution
		{5728C626-41DF-4071-8FC4-BCDE8911C08C}.Debug|x64.ActiveCfg = Debug|x64
		{5728C626-41DF-4071-8FC4-BCDE8911C08C}.Debug|x64.Build.0 = Debug|x64
		{5728C626-41DF-4071-8FC4-BCDE8911C08C}.Debug|x86.ActiveCfg = Debug|Win32
		{5728C626-41DF-4071-8FC4-BCDE8911C08C}.Debug|x86.Build.0 = Debug|Win32
		{5728C626-41DF-4071-8FC4-BCDE8911C08C}.Release|x64.ActiveCfg = Release|x64
		{5728C626-41DF-4071-8FC4-BCDE8911C08C}.Release|x64.Build.0 = Release|x64
		{5728C626-41DF-4071-8FC4-BCDE8911C08C}.Release|x86.ActiveCfg = Release|Win32
		{5728C626-41DF-4071-8FC4-BCDE8911C08C}.Release|x86.Build.0 = Release|Win32
		{8BD3230E-93E8-4433-BF81-1EF027E47770}.Debug|x64.ActiveCfg = Debug|x64
		{8BD3230E-93E8-4433-BF81-1EF027E47770}.Debug|x64.Build.0 = Debug|x64
		{8BD3230E-93E8-4433-BF81-1EF027E47770}.Debug|x86.ActiveCfg = Debug|Win32
		{8BD3230E-93E8-4433-BF81-1EF027E47770}.Debug|x86.Build.0 = Debug|Win32
		{8BD3230E-93E8-4433-BF81-1EF027E47770}.Release|x64.ActiveCfg = Release|x64
		{8BD3230E-93E8-4433-BF81-1EF027E47770}.Release|x64.Build.0 = Release|x64
		{8BD3230E-93E8-4433-BF81-1EF027E47770}.Release|x86.ActiveCfg = Release|Win32
		{8BD3230E-93E8-4433-BF81-1EF027E47770}.Release|x86.Build.0 = Release|Win32
		{F19EB631-7D1B-4F6F-97B5-4095AB56F892}.Debug|x64.ActiveCfg = Debug|x64
		{F19EB631-7D1B-4F6F-97B5-4095AB56F892}.Debug|x64.Build.0 = Debug|x64
		{F19EB631-7D1B-4F6F-97B5-4095AB56F892}.Debug|x86.ActiveCfg = Debug|Win32
		{F19EB631-7D1B-4F6F-97B5-4095AB56F892}.Debug|x86.Build.0 = Debug|Win32
		{F19EB631-7D1B-4F6F-97B5-4095AB56F892}.Release|x64.ActiveCfg = Release|x64
		{F19EB631-7D1B-4F6F-97B5-4095AB56F892}.Release|x64.Build.0 = Release|x64
		{F19EB631-7D1B-4F6F-97B5-4095AB56F892}.Release|x86.ActiveCfg = Release|Win32
		{F19EB631-7D1B-4F6F-97B5-4095AB56F892}.Release|x86.Build.0 = Release|Win32
	EndGlobalSection
	GlobalSection(SolutionProperties) = preSolution
		HideSolutionNode = FALSE
	EndGlobalSection
	GlobalSection(ExtensibilityGlobals) = postSolution
		SolutionGuid = {D6C4BBF1-BB6D-477E-B907-30992B84DF01}
	EndGlobalSection
EndGlobal
